<?xml version="1.0" encoding="utf-8"?>
<Project ToolsVersion="4.0" xmlns="http://schemas.microsoft.com/developer/msbuild/2003">
  <ItemGroup>
    <Filter Include="Source Files">
      <UniqueIdentifier>{4FC737F1-C7A5-4376-A066-2A32D752A2FF}</UniqueIdentifier>
      <Extensions>cpp;c;cc;cxx;def;odl;idl;hpj;bat;asm;asmx</Extensions>
    </Filter>
    <Filter Include="Header Files">
      <UniqueIdentifier>{93995380-89BD-4b04-88EB-625FBE52EBFB}</UniqueIdentifier>
      <Extensions>h;hh;hpp;hxx;hm;inl;inc;ipp;xsd</Extensions>
    </Filter>
    <Filter Include="Resource Files">
      <UniqueIdentifier>{67DA6AB6-F800-4c08-8B7A-83BB121AAD01}</UniqueIdentifier>
      <Extensions>rc;ico;cur;bmp;dlg;rc2;rct;bin;rgs;gif;jpg;jpeg;jpe;resx;tiff;tif;png;wav;mfcribbon-ms</Extensions>
    </Filter>
    <Filter Include="Source Files\SnakeFunctions">
      <UniqueIdentifier>{cceb2cdd-024d-4924-92b2-ce1d40b6d644}</UniqueIdentifier>
    </Filter>
    <Filter Include="Resource Files\sound">
      <UniqueIdentifier>{b989cd8d-1845-4091-98aa-2544d4f6d154}</UniqueIdentifier>
    </Filter>
  </ItemGroup>
  <ItemGroup>
    <ClCompile Include="main.c">
      <Filter>Source Files</Filter>
    </ClCompile>
    <ClCompile Include="MenuSelection.c">
      <Filter>Source Files</Filter>
    </ClCompile>
    <ClCompile Include="SnakeFunctions\Graphics.c">
      <Filter>Source Files\SnakeFunctions</Filter>
    </ClCompile>
    <ClCompile Include="SnakeFunctions\SnakeAI.c">
      <Filter>Source Files\SnakeFunctions</Filter>
    </ClCompile>
    <ClCompile Include="SnakeFunctions\SnakeDIfficult.c">
      <Filter>Source Files\SnakeFunctions</Filter>
    </ClCompile>
    <ClCompile Include="SnakeFunctions\SnakeGameOver.c">
      <Filter>Source Files\SnakeFunctions</Filter>
    </ClCompile>
    <ClCompile Include="SnakeFunctions\SnakeKB.c">
      <Filter>Source Files\SnakeFunctions</Filter>
    </ClCompile>
    <ClCompile Include="SnakeFunctions\SnakeMove.c">
      <Filter>Source Files\SnakeFunctions</Filter>
    </ClCompile>
    <ClCompile Include="SnakeFunctions\SnakeWorldGen.c">
      <Filter>Source Files\SnakeFunctions</Filter>
    </ClCompile>
    <ClCompile Include="SnakeFunctions\SnakeWorldSize.c">
      <Filter>Source Files\SnakeFunctions</Filter>
    </ClCompile>
    <ClCompile Include="SnakeFunctions\Draw.c">
      <Filter>Source Files\SnakeFunctions</Filter>
    </ClCompile>
  </ItemGroup>
  <ItemGroup>
    <Media Include="sound\bg.wav">
      <Filter>Resource Files\sound</Filter>
    </Media>
    <Media Include="sound\Harp.wav">
      <Filter>Resource Files\sound</Filter>
    </Media>
    <Media Include="sound\klick.wav">
      <Filter>Resource Files\sound</Filter>
    </Media>
    <Media Include="sound\loser.wav">
      <Filter>Resource Files\sound</Filter>
    </Media>
  </ItemGroup>
  <ItemGroup>
    <ClInclude Include="Header.h">
      <Filter>Header Files</Filter>
    </ClInclude>
  </ItemGroup>
</Project>